// !$*UTF8*$!
{
	archiveVersion = 1;
	classes = {
	};
	objectVersion = 50;
	objects = {

/* Begin PBXBuildFile section */
		14B271772136071200E9588E /* AppDelegate.m in Sources */ = {isa = PBXBuildFile; fileRef = 14B271762136071200E9588E /* AppDelegate.m */; };
		14B271792136071400E9588E /* Assets.xcassets in Resources */ = {isa = PBXBuildFile; fileRef = 14B271782136071400E9588E /* Assets.xcassets */; };
		14B2717C2136071400E9588E /* MainMenu.xib in Resources */ = {isa = PBXBuildFile; fileRef = 14B2717A2136071400E9588E /* MainMenu.xib */; };
		14B2717F2136071400E9588E /* main.m in Sources */ = {isa = PBXBuildFile; fileRef = 14B2717E2136071400E9588E /* main.m */; };
		14B2718E21360CBB00E9588E /* CPU6502.m in Sources */ = {isa = PBXBuildFile; fileRef = 14B2718D21360CBB00E9588E /* CPU6502.m */; };
		14B2719121360CFE00E9588E /* VIC6561.m in Sources */ = {isa = PBXBuildFile; fileRef = 14B2719021360CFE00E9588E /* VIC6561.m */; };
		14B27194213A1A8F00E9588E /* RAM.m in Sources */ = {isa = PBXBuildFile; fileRef = 14B27193213A1A8F00E9588E /* RAM.m */; };
		14B27197213A1ACE00E9588E /* ROM.m in Sources */ = {isa = PBXBuildFile; fileRef = 14B27196213A1ACE00E9588E /* ROM.m */; };
		14B2719C213A1B9E00E9588E /* Memory.m in Sources */ = {isa = PBXBuildFile; fileRef = 14B2719B213A1B9E00E9588E /* Memory.m */; };
		14B2719F213A373100E9588E /* Instruction.m in Sources */ = {isa = PBXBuildFile; fileRef = 14B2719E213A373100E9588E /* Instruction.m */; };
/* End PBXBuildFile section */

/* Begin PBXFileReference section */
		14B271722136071100E9588E /* VIC20.app */ = {isa = PBXFileReference; explicitFileType = wrapper.application; includeInIndex = 0; path = VIC20.app; sourceTree = BUILT_PRODUCTS_DIR; };
		14B271752136071100E9588E /* AppDelegate.h */ = {isa = PBXFileReference; lastKnownFileType = sourcecode.c.h; path = AppDelegate.h; sourceTree = "<group>"; };
		14B271762136071200E9588E /* AppDelegate.m */ = {isa = PBXFileReference; lastKnownFileType = sourcecode.c.objc; path = AppDelegate.m; sourceTree = "<group>"; };
		14B271782136071400E9588E /* Assets.xcassets */ = {isa = PBXFileReference; lastKnownFileType = folder.assetcatalog; path = Assets.xcassets; sourceTree = "<group>"; };
		14B2717B2136071400E9588E /* Base */ = {isa = PBXFileReference; lastKnownFileType = file.xib; name = Base; path = Base.lproj/MainMenu.xib; sourceTree = "<group>"; };
		14B2717D2136071400E9588E /* Info.plist */ = {isa = PBXFileReference; lastKnownFileType = text.plist.xml; path = Info.plist; sourceTree = "<group>"; };
		14B2717E2136071400E9588E /* main.m */ = {isa = PBXFileReference; lastKnownFileType = sourcecode.c.objc; path = main.m; sourceTree = "<group>"; };
		14B271802136071400E9588E /* VIC20.entitlements */ = {isa = PBXFileReference; lastKnownFileType = text.plist.entitlements; path = VIC20.entitlements; sourceTree = "<group>"; };
		14B2718C21360CBB00E9588E /* CPU6502.h */ = {isa = PBXFileReference; lastKnownFileType = sourcecode.c.h; path = CPU6502.h; sourceTree = "<group>"; };
		14B2718D21360CBB00E9588E /* CPU6502.m */ = {isa = PBXFileReference; lastKnownFileType = sourcecode.c.objc; path = CPU6502.m; sourceTree = "<group>"; };
		14B2718F21360CFE00E9588E /* VIC6561.h */ = {isa = PBXFileReference; lastKnownFileType = sourcecode.c.h; path = VIC6561.h; sourceTree = "<group>"; };
		14B2719021360CFE00E9588E /* VIC6561.m */ = {isa = PBXFileReference; lastKnownFileType = sourcecode.c.objc; path = VIC6561.m; sourceTree = "<group>"; };
		14B27192213A1A8F00E9588E /* RAM.h */ = {isa = PBXFileReference; lastKnownFileType = sourcecode.c.h; path = RAM.h; sourceTree = "<group>"; };
		14B27193213A1A8F00E9588E /* RAM.m */ = {isa = PBXFileReference; lastKnownFileType = sourcecode.c.objc; path = RAM.m; sourceTree = "<group>"; };
		14B27195213A1ACE00E9588E /* ROM.h */ = {isa = PBXFileReference; lastKnownFileType = sourcecode.c.h; path = ROM.h; sourceTree = "<group>"; };
		14B27196213A1ACE00E9588E /* ROM.m */ = {isa = PBXFileReference; lastKnownFileType = sourcecode.c.objc; path = ROM.m; sourceTree = "<group>"; };
		14B27198213A1AEF00E9588E /* Memory.h */ = {isa = PBXFileReference; lastKnownFileType = sourcecode.c.h; path = Memory.h; sourceTree = "<group>"; };
		14B2719B213A1B9E00E9588E /* Memory.m */ = {isa = PBXFileReference; lastKnownFileType = sourcecode.c.objc; path = Memory.m; sourceTree = "<group>"; };
		14B2719D213A373100E9588E /* Instruction.h */ = {isa = PBXFileReference; lastKnownFileType = sourcecode.c.h; path = Instruction.h; sourceTree = "<group>"; };
		14B2719E213A373100E9588E /* Instruction.m */ = {isa = PBXFileReference; lastKnownFileType = sourcecode.c.objc; path = Instruction.m; sourceTree = "<group>"; };
/* End PBXFileReference section */

/* Begin PBXFrameworksBuildPhase section */
		14B2716F2136071100E9588E /* Frameworks */ = {
			isa = PBXFrameworksBuildPhase;
			buildActionMask = 2147483647;
			files = (
			);
			runOnlyForDeploymentPostprocessing = 0;
		};
/* End PBXFrameworksBuildPhase section */

/* Begin PBXGroup section */
		14B271692136071100E9588E = {
			isa = PBXGroup;
			children = (
				14B271742136071100E9588E /* VIC20 */,
				14B271732136071100E9588E /* Products */,
			);
			sourceTree = "<group>";
		};
		14B271732136071100E9588E /* Products */ = {
			isa = PBXGroup;
			children = (
				14B271722136071100E9588E /* VIC20.app */,
			);
			name = Products;
			sourceTree = "<group>";
		};
		14B271742136071100E9588E /* VIC20 */ = {
			isa = PBXGroup;
			children = (
				14B7195B21F4368F00C72FFB /* Processor */,
				14B7195A21F4367800C72FFB /* RAM */,
				14B271752136071100E9588E /* AppDelegate.h */,
				14B271762136071200E9588E /* AppDelegate.m */,
				14B271782136071400E9588E /* Assets.xcassets */,
				14B2717A2136071400E9588E /* MainMenu.xib */,
				14B2717D2136071400E9588E /* Info.plist */,
				14B2717E2136071400E9588E /* main.m */,
				14B271802136071400E9588E /* VIC20.entitlements */,
			);
			path = VIC20;
			sourceTree = "<group>";
		};
		14B7195A21F4367800C72FFB /* RAM */ = {
			isa = PBXGroup;
			children = (
				14B27198213A1AEF00E9588E /* Memory.h */,
				14B2719B213A1B9E00E9588E /* Memory.m */,
				14B27192213A1A8F00E9588E /* RAM.h */,
				14B27193213A1A8F00E9588E /* RAM.m */,
				14B27195213A1ACE00E9588E /* ROM.h */,
				14B27196213A1ACE00E9588E /* ROM.m */,
			);
			path = RAM;
			sourceTree = "<group>";
		};
		14B7195B21F4368F00C72FFB /* Processor */ = {
			isa = PBXGroup;
			children = (
				14B2718F21360CFE00E9588E /* VIC6561.h */,
				14B2719021360CFE00E9588E /* VIC6561.m */,
				14B2718C21360CBB00E9588E /* CPU6502.h */,
				14B2718D21360CBB00E9588E /* CPU6502.m */,
				14B2719D213A373100E9588E /* Instruction.h */,
				14B2719E213A373100E9588E /* Instruction.m */,
			);
			path = Processor;
			sourceTree = "<group>";
		};
/* End PBXGroup section */

/* Begin PBXNativeTarget section */
		14B271712136071100E9588E /* VIC20 */ = {
			isa = PBXNativeTarget;
			buildConfigurationList = 14B271832136071400E9588E /* Build configuration list for PBXNativeTarget "VIC20" */;
			buildPhases = (
				14B2716E2136071100E9588E /* Sources */,
				14B2716F2136071100E9588E /* Frameworks */,
				14B271702136071100E9588E /* Resources */,
			);
			buildRules = (
			);
			dependencies = (
			);
			name = VIC20;
			productName = VIC20;
			productReference = 14B271722136071100E9588E /* VIC20.app */;
			productType = "com.apple.product-type.application";
		};
/* End PBXNativeTarget section */

/* Begin PBXProject section */
		14B2716A2136071100E9588E /* Project object */ = {
			isa = PBXProject;
			attributes = {
				LastUpgradeCheck = 0940;
				ORGANIZATIONNAME = "Open Logic";
				TargetAttributes = {
					14B271712136071100E9588E = {
						CreatedOnToolsVersion = 9.4.1;
					};
				};
			};
			buildConfigurationList = 14B2716D2136071100E9588E /* Build configuration list for PBXProject "VIC20" */;
			compatibilityVersion = "Xcode 9.3";
			developmentRegion = en;
			hasScannedForEncodings = 0;
			knownRegions = (
				en,
				Base,
			);
			mainGroup = 14B271692136071100E9588E;
			productRefGroup = 14B271732136071100E9588E /* Products */;
			projectDirPath = "";
			projectRoot = "";
			targets = (
				14B271712136071100E9588E /* VIC20 */,
			);
		};
/* End PBXProject section */

/* Begin PBXResourcesBuildPhase section */
		14B271702136071100E9588E /* Resources */ = {
			isa = PBXResourcesBuildPhase;
			buildActionMask = 2147483647;
			files = (
				14B271792136071400E9588E /* Assets.xcassets in Resources */,
				14B2717C2136071400E9588E /* MainMenu.xib in Resources */,
			);
			runOnlyForDeploymentPostprocessing = 0;
		};
/* End PBXResourcesBuildPhase section */

/* Begin PBXSourcesBuildPhase section */
		14B2716E2136071100E9588E /* Sources */ = {
			isa = PBXSourcesBuildPhase;
			buildActionMask = 2147483647;
			files = (
				14B27197213A1ACE00E9588E /* ROM.m in Sources */,
				14B2719121360CFE00E9588E /* VIC6561.m in Sources */,
				14B2719F213A373100E9588E /* Instruction.m in Sources */,
				14B2717F2136071400E9588E /* main.m in Sources */,
				14B271772136071200E9588E /* AppDelegate.m in Sources */,
				14B27194213A1A8F00E9588E /* RAM.m in Sources */,
				14B2719C213A1B9E00E9588E /* Memory.m in Sources */,
				14B2718E21360CBB00E9588E /* CPU6502.m in Sources */,
			);
			runOnlyForDeploymentPostprocessing = 0;
		};
/* End PBXSourcesBuildPhase section */

/* Begin PBXVariantGroup section */
		14B2717A2136071400E9588E /* MainMenu.xib */ = {
			isa = PBXVariantGroup;
			children = (
				14B2717B2136071400E9588E /* Base */,
			);
			name = MainMenu.xib;
			sourceTree = "<group>";
		};
/* End PBXVariantGroup section */

/* Begin XCBuildConfiguration section */
		14B271812136071400E9588E /* Debug */ = {
			isa = XCBuildConfiguration;
			buildSettings = {
				ALWAYS_SEARCH_USER_PATHS = NO;
				CLANG_ANALYZER_NONNULL = YES;
				CLANG_ANALYZER_NUMBER_OBJECT_CONVERSION = YES_AGGRESSIVE;
				CLANG_CXX_LANGUAGE_STANDARD = "gnu++14";
				CLANG_CXX_LIBRARY = "libc++";
				CLANG_ENABLE_MODULES = YES;
				CLANG_ENABLE_OBJC_ARC = YES;
				CLANG_ENABLE_OBJC_WEAK = YES;
				CLANG_WARN_BLOCK_CAPTURE_AUTORELEASING = YES;
				CLANG_WARN_BOOL_CONVERSION = YES;
				CLANG_WARN_COMMA = YES;
				CLANG_WARN_CONSTANT_CONVERSION = YES;
				CLANG_WARN_DEPRECATED_OBJC_IMPLEMENTATIONS = YES;
				CLANG_WARN_DIRECT_OBJC_ISA_USAGE = YES_ERROR;
				CLANG_WARN_DOCUMENTATION_COMMENTS = YES;
				CLANG_WARN_EMPTY_BODY = YES;
				CLANG_WARN_ENUM_CONVERSION = YES;
				CLANG_WARN_INFINITE_RECURSION = YES;
				CLANG_WARN_INT_CONVERSION = YES;
				CLANG_WARN_NON_LITERAL_NULL_CONVERSION = YES;
				CLANG_WARN_OBJC_IMPLICIT_RETAIN_SELF = YES;
				CLANG_WARN_OBJC_LITERAL_CONVERSION = YES;
				CLANG_WARN_OBJC_ROOT_CLASS = YES_ERROR;
				CLANG_WARN_RANGE_LOOP_ANALYSIS = YES;
				CLANG_WARN_STRICT_PROTOTYPES = YES;
				CLANG_WARN_SUSPICIOUS_MOVE = YES;
				CLANG_WARN_UNGUARDED_AVAILABILITY = YES_AGGRESSIVE;
				CLANG_WARN_UNREACHABLE_CODE = YES;
				CLANG_WARN__DUPLICATE_METHOD_MATCH = YES;
				CODE_SIGN_IDENTITY = "Mac Developer";
				COPY_PHASE_STRIP = NO;
				DEBUG_INFORMATION_FORMAT = dwarf;
				ENABLE_STRICT_OBJC_MSGSEND = YES;
				ENABLE_TESTABILITY = YES;
				GCC_C_LANGUAGE_STANDARD = gnu11;
				GCC_DYNAMIC_NO_PIC = NO;
				GCC_NO_COMMON_BLOCKS = YES;
				GCC_OPTIMIZATION_LEVEL = 0;
				GCC_PREPROCESSOR_DEFINITIONS = (
					"DEBUG=1",
					"$(inherited)",
				);
				GCC_WARN_64_TO_32_BIT_CONVERSION = YES;
				GCC_WARN_ABOUT_RETURN_TYPE = YES_ERROR;
				GCC_WARN_UNDECLARED_SELECTOR = YES;
				GCC_WARN_UNINITIALIZED_AUTOS = YES_AGGRESSIVE;
				GCC_WARN_UNUSED_FUNCTION = YES;
				GCC_WARN_UNUSED_VARIABLE = YES;
				MACOSX_DEPLOYMENT_TARGET = 10.13;
				MTL_ENABLE_DEBUG_INFO = YES;
				ONLY_ACTIVE_ARCH = YES;
				SDKROOT = macosx;
			};
			name = Debug;
		};
		14B271822136071400E9588E /* Release */ = {
			isa = XCBuildConfiguration;
			buildSettings = {
				ALWAYS_SEARCH_USER_PATHS = NO;
				CLANG_ANALYZER_NONNULL = YES;
				CLANG_ANALYZER_NUMBER_OBJECT_CONVERSION = YES_AGGRESSIVE;
				CLANG_CXX_LANGUAGE_STANDARD = "gnu++14";
				CLANG_CXX_LIBRARY = "libc++";
				CLANG_ENABLE_MODULES = YES;
				CLANG_ENABLE_OBJC_ARC = YES;
				CLANG_ENABLE_OBJC_WEAK = YES;
				CLANG_WARN_BLOCK_CAPTURE_AUTORELEASING = YES;
				CLANG_WARN_BOOL_CONVERSION = YES;
				CLANG_WARN_COMMA = YES;
				CLANG_WARN_CONSTANT_CONVERSION = YES;
				CLANG_WARN_DEPRECATED_OBJC_IMPLEMENTATIONS = YES;
				CLANG_WARN_DIRECT_OBJC_ISA_USAGE = YES_ERROR;
				CLANG_WARN_DOCUMENTATION_COMMENTS = YES;
				CLANG_WARN_EMPTY_BODY = YES;
				CLANG_WARN_ENUM_CONVERSION = YES;
				CLANG_WARN_INFINITE_RECURSION = YES;
				CLANG_WARN_INT_CONVERSION = YES;
				CLANG_WARN_NON_LITERAL_NULL_CONVERSION = YES;
				CLANG_WARN_OBJC_IMPLICIT_RETAIN_SELF = YES;
				CLANG_WARN_OBJC_LITERAL_CONVERSION = YES;
				CLANG_WARN_OBJC_ROOT_CLASS = YES_ERROR;
				CLANG_WARN_RANGE_LOOP_ANALYSIS = YES;
				CLANG_WARN_STRICT_PROTOTYPES = YES;
				CLANG_WARN_SUSPICIOUS_MOVE = YES;
				CLANG_WARN_UNGUARDED_AVAILABILITY = YES_AGGRESSIVE;
				CLANG_WARN_UNREACHABLE_CODE = YES;
				CLANG_WARN__DUPLICATE_METHOD_MATCH = YES;
				CODE_SIGN_IDENTITY = "Mac Developer";
				COPY_PHASE_STRIP = NO;
				DEBUG_INFORMATION_FORMAT = "dwarf-with-dsym";
				ENABLE_NS_ASSERTIONS = NO;
				ENABLE_STRICT_OBJC_MSGSEND = YES;
				GCC_C_LANGUAGE_STANDARD = gnu11;
				GCC_NO_COMMON_BLOCKS = YES;
				GCC_WARN_64_TO_32_BIT_CONVERSION = YES;
				GCC_WARN_ABOUT_RETURN_TYPE = YES_ERROR;
				GCC_WARN_UNDECLARED_SELECTOR = YES;
				GCC_WARN_UNINITIALIZED_AUTOS = YES_AGGRESSIVE;
				GCC_WARN_UNUSED_FUNCTION = YES;
				GCC_WARN_UNUSED_VARIABLE = YES;
				MACOSX_DEPLOYMENT_TARGET = 10.13;
				MTL_ENABLE_DEBUG_INFO = NO;
				SDKROOT = macosx;
			};
			name = Release;
		};
		14B271842136071400E9588E /* Debug */ = {
			isa = XCBuildConfiguration;
			buildSettings = {
				ASSETCATALOG_COMPILER_APPICON_NAME = AppIcon;
				CODE_SIGN_ENTITLEMENTS = VIC20/VIC20.entitlements;
				CODE_SIGN_STYLE = Automatic;
				COMBINE_HIDPI_IMAGES = YES;
				DEVELOPMENT_TEAM = X34KG7M8TP;
				INFOPLIST_FILE = VIC20/Info.plist;
				LD_RUNPATH_SEARCH_PATHS = (
					"$(inherited)",
					"@executable_path/../Frameworks",
				);
				PRODUCT_BUNDLE_IDENTIFIER = com.openlogic.VIC20;
				PRODUCT_NAME = "$(TARGET_NAME)";
			};
			name = Debug;
		};
		14B271852136071400E9588E /* Release */ = {
			isa = XCBuildConfiguration;
			buildSettings = {
				ASSETCATALOG_COMPILER_APPICON_NAME = AppIcon;
				CODE_SIGN_ENTITLEMENTS = VIC20/VIC20.entitlements;
				CODE_SIGN_STYLE = Automatic;
				COMBINE_HIDPI_IMAGES = YES;
				DEVELOPMENT_TEAM = X34KG7M8TP;
				INFOPLIST_FILE = VIC20/Info.plist;
				LD_RUNPATH_SEARCH_PATHS = (
					"$(inherited)",
					"@executable_path/../Frameworks",
				);
				PRODUCT_BUNDLE_IDENTIFIER = com.openlogic.VIC20;
				PRODUCT_NAME = "$(TARGET_NAME)";
			};
			name = Release;
		};
/* End XCBuildConfiguration section */

/* Begin XCConfigurationList section */
		14B2716D2136071100E9588E /* Build configuration list for PBXProject "VIC20" */ = {
			isa = XCConfigurationList;
			buildConfigurations = (
				14B271812136071400E9588E /* Debug */,
				14B271822136071400E9588E /* Release */,
			);
			defaultConfigurationIsVisible = 0;
			defaultConfigurationName = Release;
		};
		14B271832136071400E9588E /* Build configuration list for PBXNativeTarget "VIC20" */ = {
			isa = XCConfigurationList;
			buildConfigurations = (
				14B271842136071400E9588E /* Debug */,
				14B271852136071400E9588E /* Release */,
			);
			defaultConfigurationIsVisible = 0;
			defaultConfigurationName = Release;
		};
/* End XCConfigurationList section */
	};
	rootObject = 14B2716A2136071100E9588E /* Project object */;
}
